
Microsoft Visual Studio Solution File, Format Version 12.00
# Visual Studio Version 16
VisualStudioVersion = 16.0.30804.86
MinimumVisualStudioVersion = 10.0.40219.1
Project("{9A19103F-16F7-4668-BE54-9A1E7A4F7556}") = "Kampintro", "Kampintro\Kampintro.csproj", "{6B655A48-6783-4EB2-8126-A6DF6DC17244}"
EndProject
Project("{9A19103F-16F7-4668-BE54-9A1E7A4F7556}") = "donguler", "donguler\donguler.csproj", "{87610406-234F-48B6-8A82-E46A5A1CC196}"
EndProject
Project("{9A19103F-16F7-4668-BE54-9A1E7A4F7556}") = "Classintro", "Classintro\Classintro.csproj", "{BBC8FB2E-EA44-4904-A9DE-1B63BDC3CD25}"
EndProject
Project("{9A19103F-16F7-4668-BE54-9A1E7A4F7556}") = "metotlar", "metotlar\metotlar.csproj", "{BBE639FC-96ED-42B3-9E25-40512CFC2D45}"
EndProject
Project("{9A19103F-16F7-4668-BE54-9A1E7A4F7556}") = "Math", "Math\Math.csproj", "{3EFFE275-1131-42E7-9541-4DCC069E2738}"
EndProject
Project("{9A19103F-16F7-4668-BE54-9A1E7A4F7556}") = "DegerveReferansTipler", "DegerveReferansTipler\DegerveReferansTipler.csproj", "{F1C097EA-940A-4AA1-A110-D1213CC610D8}"
EndProject
Project("{9A19103F-16F7-4668-BE54-9A1E7A4F7556}") = "Oop1", "Oop1\Oop1.csproj", "{540185C5-D7CA-4555-A8F9-B9860826EC86}"
EndProject
Project("{9A19103F-16F7-4668-BE54-9A1E7A4F7556}") = "Collections", "Collections\Collections.csproj", "{ED4F9EFE-B155-45F6-A83D-FFAE84265CF3}"
EndProject
Project("{FAE04EC0-301F-11D3-BF4B-00C04F79EFBC}") = "GenericsIntro", "GenericsIntro\GenericsIntro.csproj", "{39659334-1C26-4A6D-A5F8-9FA49BB2E155}"
EndProject
Global
	GlobalSection(SolutionConfigurationPlatforms) = preSolution
		Debug|Any CPU = Debug|Any CPU
		Release|Any CPU = Release|Any CPU
	EndGlobalSection
	GlobalSection(ProjectConfigurationPlatforms) = postSolution
		{6B655A48-6783-4EB2-8126-A6DF6DC17244}.Debug|Any CPU.ActiveCfg = Debug|Any CPU
		{6B655A48-6783-4EB2-8126-A6DF6DC17244}.Debug|Any CPU.Build.0 = Debug|Any CPU
		{6B655A48-6783-4EB2-8126-A6DF6DC17244}.Release|Any CPU.ActiveCfg = Release|Any CPU
		{6B655A48-6783-4EB2-8126-A6DF6DC17244}.Release|Any CPU.Build.0 = Release|Any CPU
		{87610406-234F-48B6-8A82-E46A5A1CC196}.Debug|Any CPU.ActiveCfg = Debug|Any CPU
		{87610406-234F-48B6-8A82-E46A5A1CC196}.Debug|Any CPU.Build.0 = Debug|Any CPU
		{87610406-234F-48B6-8A82-E46A5A1CC196}.Release|Any CPU.ActiveCfg = Release|Any CPU
		{87610406-234F-48B6-8A82-E46A5A1CC196}.Release|Any CPU.Build.0 = Release|Any CPU
		{BBC8FB2E-EA44-4904-A9DE-1B63BDC3CD25}.Debug|Any CPU.ActiveCfg = Debug|Any CPU
		{BBC8FB2E-EA44-4904-A9DE-1B63BDC3CD25}.Debug|Any CPU.Build.0 = Debug|Any CPU
		{BBC8FB2E-EA44-4904-A9DE-1B63BDC3CD25}.Release|Any CPU.ActiveCfg = Release|Any CPU
		{BBC8FB2E-EA44-4904-A9DE-1B63BDC3CD25}.Release|Any CPU.Build.0 = Release|Any CPU
		{BBE639FC-96ED-42B3-9E25-40512CFC2D45}.Debug|Any CPU.ActiveCfg = Debug|Any CPU
		{BBE639FC-96ED-42B3-9E25-40512CFC2D45}.Debug|Any CPU.Build.0 = Debug|Any CPU
		{BBE639FC-96ED-42B3-9E25-40512CFC2D45}.Release|Any CPU.ActiveCfg = Release|Any CPU
		{BBE639FC-96ED-42B3-9E25-40512CFC2D45}.Release|Any CPU.Build.0 = Release|Any CPU
		{3EFFE275-1131-42E7-9541-4DCC069E2738}.Debug|Any CPU.ActiveCfg = Debug|Any CPU
		{3EFFE275-1131-42E7-9541-4DCC069E2738}.Debug|Any CPU.Build.0 = Debug|Any CPU
		{3EFFE275-1131-42E7-9541-4DCC069E2738}.Release|Any CPU.ActiveCfg = Release|Any CPU
		{3EFFE275-1131-42E7-9541-4DCC069E2738}.Release|Any CPU.Build.0 = Release|Any CPU
		{F1C097EA-940A-4AA1-A110-D1213CC610D8}.Debug|Any CPU.ActiveCfg = Debug|Any CPU
		{F1C097EA-940A-4AA1-A110-D1213CC610D8}.Debug|Any CPU.Build.0 = Debug|Any CPU
		{F1C097EA-940A-4AA1-A110-D1213CC610D8}.Release|Any CPU.ActiveCfg = Release|Any CPU
		{F1C097EA-940A-4AA1-A110-D1213CC610D8}.Release|Any CPU.Build.0 = Release|Any CPU
		{540185C5-D7CA-4555-A8F9-B9860826EC86}.Debug|Any CPU.ActiveCfg = Debug|Any CPU
		{540185C5-D7CA-4555-A8F9-B9860826EC86}.Debug|Any CPU.Build.0 = Debug|Any CPU
		{540185C5-D7CA-4555-A8F9-B9860826EC86}.Release|Any CPU.ActiveCfg = Release|Any CPU
		{540185C5-D7CA-4555-A8F9-B9860826EC86}.Release|Any CPU.Build.0 = Release|Any CPU
		{ED4F9EFE-B155-45F6-A83D-FFAE84265CF3}.Debug|Any CPU.ActiveCfg = Debug|Any CPU
		{ED4F9EFE-B155-45F6-A83D-FFAE84265CF3}.Debug|Any CPU.Build.0 = Debug|Any CPU
		{ED4F9EFE-B155-45F6-A83D-FFAE84265CF3}.Release|Any CPU.ActiveCfg = Release|Any CPU
		{ED4F9EFE-B155-45F6-A83D-FFAE84265CF3}.Release|Any CPU.Build.0 = Release|Any CPU
		{39659334-1C26-4A6D-A5F8-9FA49BB2E155}.Debug|Any CPU.ActiveCfg = Debug|Any CPU
		{39659334-1C26-4A6D-A5F8-9FA49BB2E155}.Debug|Any CPU.Build.0 = Debug|Any CPU
		{39659334-1C26-4A6D-A5F8-9FA49BB2E155}.Release|Any CPU.ActiveCfg = Release|Any CPU
		{39659334-1C26-4A6D-A5F8-9FA49BB2E155}.Release|Any CPU.Build.0 = Release|Any CPU
	EndGlobalSection
	GlobalSection(SolutionProperties) = preSolution
		HideSolutionNode = FALSE
	EndGlobalSection
	GlobalSection(ExtensibilityGlobals) = postSolution
		SolutionGuid = {8C29DB83-2EC8-4365-A0AC-FE096B1349AF}
	EndGlobalSection
EndGlobal
