
Microsoft Visual Studio Solution File, Format Version 12.00
# Visual Studio Version 16
VisualStudioVersion = 16.0.30804.86
MinimumVisualStudioVersion = 10.0.40219.1
Project("{9A19103F-16F7-4668-BE54-9A1E7A4F7556}") = "Kampintro", "Kampintro\Kampintro.csproj", "{6B655A48-6783-4EB2-8126-A6DF6DC17244}"
EndProject
Project("{9A19103F-16F7-4668-BE54-9A1E7A4F7556}") = "donguler", "donguler\donguler.csproj", "{87610406-234F-48B6-8A82-E46A5A1CC196}"
EndProject
Project("{9A19103F-16F7-4668-BE54-9A1E7A4F7556}") = "Classintro", "Classintro\Classintro.csproj", "{BBC8FB2E-EA44-4904-A9DE-1B63BDC3CD25}"
EndProject
Project("{9A19103F-16F7-4668-BE54-9A1E7A4F7556}") = "metotlar", "metotlar\metotlar.csproj", "{BBE639FC-96ED-42B3-9E25-40512CFC2D45}"
EndProject
Project("{9A19103F-16F7-4668-BE54-9A1E7A4F7556}") = "Math", "Math\Math.csproj", "{3EFFE275-1131-42E7-9541-4DCC069E2738}"
EndProject
Project("{9A19103F-16F7-4668-BE54-9A1E7A4F7556}") = "DegerveReferansTipler", "DegerveReferansTipler\DegerveReferansTipler.csproj", "{F1C097EA-940A-4AA1-A110-D1213CC610D8}"
EndProject
Project("{9A19103F-16F7-4668-BE54-9A1E7A4F7556}") = "Oop1", "Oop1\Oop1.csproj", "{540185C5-D7CA-4555-A8F9-B9860826EC86}"
EndProject
Project("{9A19103F-16F7-4668-BE54-9A1E7A4F7556}") = "Collections", "Collections\Collections.csproj", "{ED4F9EFE-B155-45F6-A83D-FFAE84265CF3}"
EndProject
Project("{9A19103F-16F7-4668-BE54-9A1E7A4F7556}") = "GenericsIntro", "GenericsIntro\GenericsIntro.csproj", "{39659334-1C26-4A6D-A5F8-9FA49BB2E155}"
EndProject
Project("{9A19103F-16F7-4668-BE54-9A1E7A4F7556}") = "ReferenceTypes", "ReferenceTypes\ReferenceTypes.csproj", "{5CDF3840-469D-4F3C-A235-632AA37A277B}"
EndProject
Project("{9A19103F-16F7-4668-BE54-9A1E7A4F7556}") = "Constructors", "Constructors\Constructors.csproj", "{AAA25FC2-A16E-4B6A-B2F2-95B2A4955EFE}"
EndProject
Project("{9A19103F-16F7-4668-BE54-9A1E7A4F7556}") = "Oop2", "Oop2\Oop2.csproj", "{7BDDED07-874C-4E54-9D5D-68AA8374F9AA}"
EndProject
Project("{9A19103F-16F7-4668-BE54-9A1E7A4F7556}") = "Oop3", "Oop3\Oop3.csproj", "{696A3872-2D37-4F97-9861-4E1CC9FC0DF5}"
EndProject
Project("{9A19103F-16F7-4668-BE54-9A1E7A4F7556}") = "GameProject", "GameProject\GameProject.csproj", "{B6CF7182-E01B-4352-B680-591CC54CC21B}"
EndProject
Project("{9A19103F-16F7-4668-BE54-9A1E7A4F7556}") = "Classes", "Classes\Classes.csproj", "{C6CD34AC-3342-44F6-97BF-700C55CED13C}"
EndProject
Project("{FAE04EC0-301F-11D3-BF4B-00C04F79EFBC}") = "RecapDemo1", "RecapDemo1\RecapDemo1.csproj", "{9FE2B4B7-8DBC-4C9B-9D6D-C44102DBB6E5}"
EndProject
Project("{FAE04EC0-301F-11D3-BF4B-00C04F79EFBC}") = "Interfaces", "Interfaces\Interfaces.csproj", "{57B09030-E948-48A1-9CCC-DE96341A161F}"
EndProject
Project("{FAE04EC0-301F-11D3-BF4B-00C04F79EFBC}") = "InterfacesDemo", "InterfacesDemo\InterfacesDemo.csproj", "{CC624C25-41FA-42F7-9C0E-924BA1C2DF0F}"
EndProject
Project("{FAE04EC0-301F-11D3-BF4B-00C04F79EFBC}") = "Inheritance", "Inheritance\Inheritance.csproj", "{2DBB55A3-28C9-48EE-BAA3-733CB2A8E319}"
EndProject
Global
	GlobalSection(SolutionConfigurationPlatforms) = preSolution
		Debug|Any CPU = Debug|Any CPU
		Debug|ARM = Debug|ARM
		Debug|ARM64 = Debug|ARM64
		Debug|x64 = Debug|x64
		Debug|x86 = Debug|x86
		Release|Any CPU = Release|Any CPU
		Release|ARM = Release|ARM
		Release|ARM64 = Release|ARM64
		Release|x64 = Release|x64
		Release|x86 = Release|x86
	EndGlobalSection
	GlobalSection(ProjectConfigurationPlatforms) = postSolution
		{6B655A48-6783-4EB2-8126-A6DF6DC17244}.Debug|Any CPU.ActiveCfg = Debug|Any CPU
		{6B655A48-6783-4EB2-8126-A6DF6DC17244}.Debug|Any CPU.Build.0 = Debug|Any CPU
		{6B655A48-6783-4EB2-8126-A6DF6DC17244}.Debug|ARM.ActiveCfg = Debug|Any CPU
		{6B655A48-6783-4EB2-8126-A6DF6DC17244}.Debug|ARM.Build.0 = Debug|Any CPU
		{6B655A48-6783-4EB2-8126-A6DF6DC17244}.Debug|ARM64.ActiveCfg = Debug|Any CPU
		{6B655A48-6783-4EB2-8126-A6DF6DC17244}.Debug|ARM64.Build.0 = Debug|Any CPU
		{6B655A48-6783-4EB2-8126-A6DF6DC17244}.Debug|x64.ActiveCfg = Debug|Any CPU
		{6B655A48-6783-4EB2-8126-A6DF6DC17244}.Debug|x64.Build.0 = Debug|Any CPU
		{6B655A48-6783-4EB2-8126-A6DF6DC17244}.Debug|x86.ActiveCfg = Debug|Any CPU
		{6B655A48-6783-4EB2-8126-A6DF6DC17244}.Debug|x86.Build.0 = Debug|Any CPU
		{6B655A48-6783-4EB2-8126-A6DF6DC17244}.Release|Any CPU.ActiveCfg = Release|Any CPU
		{6B655A48-6783-4EB2-8126-A6DF6DC17244}.Release|Any CPU.Build.0 = Release|Any CPU
		{6B655A48-6783-4EB2-8126-A6DF6DC17244}.Release|ARM.ActiveCfg = Release|Any CPU
		{6B655A48-6783-4EB2-8126-A6DF6DC17244}.Release|ARM.Build.0 = Release|Any CPU
		{6B655A48-6783-4EB2-8126-A6DF6DC17244}.Release|ARM64.ActiveCfg = Release|Any CPU
		{6B655A48-6783-4EB2-8126-A6DF6DC17244}.Release|ARM64.Build.0 = Release|Any CPU
		{6B655A48-6783-4EB2-8126-A6DF6DC17244}.Release|x64.ActiveCfg = Release|Any CPU
		{6B655A48-6783-4EB2-8126-A6DF6DC17244}.Release|x64.Build.0 = Release|Any CPU
		{6B655A48-6783-4EB2-8126-A6DF6DC17244}.Release|x86.ActiveCfg = Release|Any CPU
		{6B655A48-6783-4EB2-8126-A6DF6DC17244}.Release|x86.Build.0 = Release|Any CPU
		{87610406-234F-48B6-8A82-E46A5A1CC196}.Debug|Any CPU.ActiveCfg = Debug|Any CPU
		{87610406-234F-48B6-8A82-E46A5A1CC196}.Debug|Any CPU.Build.0 = Debug|Any CPU
		{87610406-234F-48B6-8A82-E46A5A1CC196}.Debug|ARM.ActiveCfg = Debug|Any CPU
		{87610406-234F-48B6-8A82-E46A5A1CC196}.Debug|ARM.Build.0 = Debug|Any CPU
		{87610406-234F-48B6-8A82-E46A5A1CC196}.Debug|ARM64.ActiveCfg = Debug|Any CPU
		{87610406-234F-48B6-8A82-E46A5A1CC196}.Debug|ARM64.Build.0 = Debug|Any CPU
		{87610406-234F-48B6-8A82-E46A5A1CC196}.Debug|x64.ActiveCfg = Debug|Any CPU
		{87610406-234F-48B6-8A82-E46A5A1CC196}.Debug|x64.Build.0 = Debug|Any CPU
		{87610406-234F-48B6-8A82-E46A5A1CC196}.Debug|x86.ActiveCfg = Debug|Any CPU
		{87610406-234F-48B6-8A82-E46A5A1CC196}.Debug|x86.Build.0 = Debug|Any CPU
		{87610406-234F-48B6-8A82-E46A5A1CC196}.Release|Any CPU.ActiveCfg = Release|Any CPU
		{87610406-234F-48B6-8A82-E46A5A1CC196}.Release|Any CPU.Build.0 = Release|Any CPU
		{87610406-234F-48B6-8A82-E46A5A1CC196}.Release|ARM.ActiveCfg = Release|Any CPU
		{87610406-234F-48B6-8A82-E46A5A1CC196}.Release|ARM.Build.0 = Release|Any CPU
		{87610406-234F-48B6-8A82-E46A5A1CC196}.Release|ARM64.ActiveCfg = Release|Any CPU
		{87610406-234F-48B6-8A82-E46A5A1CC196}.Release|ARM64.Build.0 = Release|Any CPU
		{87610406-234F-48B6-8A82-E46A5A1CC196}.Release|x64.ActiveCfg = Release|Any CPU
		{87610406-234F-48B6-8A82-E46A5A1CC196}.Release|x64.Build.0 = Release|Any CPU
		{87610406-234F-48B6-8A82-E46A5A1CC196}.Release|x86.ActiveCfg = Release|Any CPU
		{87610406-234F-48B6-8A82-E46A5A1CC196}.Release|x86.Build.0 = Release|Any CPU
		{BBC8FB2E-EA44-4904-A9DE-1B63BDC3CD25}.Debug|Any CPU.ActiveCfg = Debug|Any CPU
		{BBC8FB2E-EA44-4904-A9DE-1B63BDC3CD25}.Debug|Any CPU.Build.0 = Debug|Any CPU
		{BBC8FB2E-EA44-4904-A9DE-1B63BDC3CD25}.Debug|ARM.ActiveCfg = Debug|Any CPU
		{BBC8FB2E-EA44-4904-A9DE-1B63BDC3CD25}.Debug|ARM.Build.0 = Debug|Any CPU
		{BBC8FB2E-EA44-4904-A9DE-1B63BDC3CD25}.Debug|ARM64.ActiveCfg = Debug|Any CPU
		{BBC8FB2E-EA44-4904-A9DE-1B63BDC3CD25}.Debug|ARM64.Build.0 = Debug|Any CPU
		{BBC8FB2E-EA44-4904-A9DE-1B63BDC3CD25}.Debug|x64.ActiveCfg = Debug|Any CPU
		{BBC8FB2E-EA44-4904-A9DE-1B63BDC3CD25}.Debug|x64.Build.0 = Debug|Any CPU
		{BBC8FB2E-EA44-4904-A9DE-1B63BDC3CD25}.Debug|x86.ActiveCfg = Debug|Any CPU
		{BBC8FB2E-EA44-4904-A9DE-1B63BDC3CD25}.Debug|x86.Build.0 = Debug|Any CPU
		{BBC8FB2E-EA44-4904-A9DE-1B63BDC3CD25}.Release|Any CPU.ActiveCfg = Release|Any CPU
		{BBC8FB2E-EA44-4904-A9DE-1B63BDC3CD25}.Release|Any CPU.Build.0 = Release|Any CPU
		{BBC8FB2E-EA44-4904-A9DE-1B63BDC3CD25}.Release|ARM.ActiveCfg = Release|Any CPU
		{BBC8FB2E-EA44-4904-A9DE-1B63BDC3CD25}.Release|ARM.Build.0 = Release|Any CPU
		{BBC8FB2E-EA44-4904-A9DE-1B63BDC3CD25}.Release|ARM64.ActiveCfg = Release|Any CPU
		{BBC8FB2E-EA44-4904-A9DE-1B63BDC3CD25}.Release|ARM64.Build.0 = Release|Any CPU
		{BBC8FB2E-EA44-4904-A9DE-1B63BDC3CD25}.Release|x64.ActiveCfg = Release|Any CPU
		{BBC8FB2E-EA44-4904-A9DE-1B63BDC3CD25}.Release|x64.Build.0 = Release|Any CPU
		{BBC8FB2E-EA44-4904-A9DE-1B63BDC3CD25}.Release|x86.ActiveCfg = Release|Any CPU
		{BBC8FB2E-EA44-4904-A9DE-1B63BDC3CD25}.Release|x86.Build.0 = Release|Any CPU
		{BBE639FC-96ED-42B3-9E25-40512CFC2D45}.Debug|Any CPU.ActiveCfg = Debug|Any CPU
		{BBE639FC-96ED-42B3-9E25-40512CFC2D45}.Debug|Any CPU.Build.0 = Debug|Any CPU
		{BBE639FC-96ED-42B3-9E25-40512CFC2D45}.Debug|ARM.ActiveCfg = Debug|Any CPU
		{BBE639FC-96ED-42B3-9E25-40512CFC2D45}.Debug|ARM.Build.0 = Debug|Any CPU
		{BBE639FC-96ED-42B3-9E25-40512CFC2D45}.Debug|ARM64.ActiveCfg = Debug|Any CPU
		{BBE639FC-96ED-42B3-9E25-40512CFC2D45}.Debug|ARM64.Build.0 = Debug|Any CPU
		{BBE639FC-96ED-42B3-9E25-40512CFC2D45}.Debug|x64.ActiveCfg = Debug|Any CPU
		{BBE639FC-96ED-42B3-9E25-40512CFC2D45}.Debug|x64.Build.0 = Debug|Any CPU
		{BBE639FC-96ED-42B3-9E25-40512CFC2D45}.Debug|x86.ActiveCfg = Debug|Any CPU
		{BBE639FC-96ED-42B3-9E25-40512CFC2D45}.Debug|x86.Build.0 = Debug|Any CPU
		{BBE639FC-96ED-42B3-9E25-40512CFC2D45}.Release|Any CPU.ActiveCfg = Release|Any CPU
		{BBE639FC-96ED-42B3-9E25-40512CFC2D45}.Release|Any CPU.Build.0 = Release|Any CPU
		{BBE639FC-96ED-42B3-9E25-40512CFC2D45}.Release|ARM.ActiveCfg = Release|Any CPU
		{BBE639FC-96ED-42B3-9E25-40512CFC2D45}.Release|ARM.Build.0 = Release|Any CPU
		{BBE639FC-96ED-42B3-9E25-40512CFC2D45}.Release|ARM64.ActiveCfg = Release|Any CPU
		{BBE639FC-96ED-42B3-9E25-40512CFC2D45}.Release|ARM64.Build.0 = Release|Any CPU
		{BBE639FC-96ED-42B3-9E25-40512CFC2D45}.Release|x64.ActiveCfg = Release|Any CPU
		{BBE639FC-96ED-42B3-9E25-40512CFC2D45}.Release|x64.Build.0 = Release|Any CPU
		{BBE639FC-96ED-42B3-9E25-40512CFC2D45}.Release|x86.ActiveCfg = Release|Any CPU
		{BBE639FC-96ED-42B3-9E25-40512CFC2D45}.Release|x86.Build.0 = Release|Any CPU
		{3EFFE275-1131-42E7-9541-4DCC069E2738}.Debug|Any CPU.ActiveCfg = Debug|Any CPU
		{3EFFE275-1131-42E7-9541-4DCC069E2738}.Debug|Any CPU.Build.0 = Debug|Any CPU
		{3EFFE275-1131-42E7-9541-4DCC069E2738}.Debug|ARM.ActiveCfg = Debug|Any CPU
		{3EFFE275-1131-42E7-9541-4DCC069E2738}.Debug|ARM.Build.0 = Debug|Any CPU
		{3EFFE275-1131-42E7-9541-4DCC069E2738}.Debug|ARM64.ActiveCfg = Debug|Any CPU
		{3EFFE275-1131-42E7-9541-4DCC069E2738}.Debug|ARM64.Build.0 = Debug|Any CPU
		{3EFFE275-1131-42E7-9541-4DCC069E2738}.Debug|x64.ActiveCfg = Debug|Any CPU
		{3EFFE275-1131-42E7-9541-4DCC069E2738}.Debug|x64.Build.0 = Debug|Any CPU
		{3EFFE275-1131-42E7-9541-4DCC069E2738}.Debug|x86.ActiveCfg = Debug|Any CPU
		{3EFFE275-1131-42E7-9541-4DCC069E2738}.Debug|x86.Build.0 = Debug|Any CPU
		{3EFFE275-1131-42E7-9541-4DCC069E2738}.Release|Any CPU.ActiveCfg = Release|Any CPU
		{3EFFE275-1131-42E7-9541-4DCC069E2738}.Release|Any CPU.Build.0 = Release|Any CPU
		{3EFFE275-1131-42E7-9541-4DCC069E2738}.Release|ARM.ActiveCfg = Release|Any CPU
		{3EFFE275-1131-42E7-9541-4DCC069E2738}.Release|ARM.Build.0 = Release|Any CPU
		{3EFFE275-1131-42E7-9541-4DCC069E2738}.Release|ARM64.ActiveCfg = Release|Any CPU
		{3EFFE275-1131-42E7-9541-4DCC069E2738}.Release|ARM64.Build.0 = Release|Any CPU
		{3EFFE275-1131-42E7-9541-4DCC069E2738}.Release|x64.ActiveCfg = Release|Any CPU
		{3EFFE275-1131-42E7-9541-4DCC069E2738}.Release|x64.Build.0 = Release|Any CPU
		{3EFFE275-1131-42E7-9541-4DCC069E2738}.Release|x86.ActiveCfg = Release|Any CPU
		{3EFFE275-1131-42E7-9541-4DCC069E2738}.Release|x86.Build.0 = Release|Any CPU
		{F1C097EA-940A-4AA1-A110-D1213CC610D8}.Debug|Any CPU.ActiveCfg = Debug|Any CPU
		{F1C097EA-940A-4AA1-A110-D1213CC610D8}.Debug|Any CPU.Build.0 = Debug|Any CPU
		{F1C097EA-940A-4AA1-A110-D1213CC610D8}.Debug|ARM.ActiveCfg = Debug|Any CPU
		{F1C097EA-940A-4AA1-A110-D1213CC610D8}.Debug|ARM.Build.0 = Debug|Any CPU
		{F1C097EA-940A-4AA1-A110-D1213CC610D8}.Debug|ARM64.ActiveCfg = Debug|Any CPU
		{F1C097EA-940A-4AA1-A110-D1213CC610D8}.Debug|ARM64.Build.0 = Debug|Any CPU
		{F1C097EA-940A-4AA1-A110-D1213CC610D8}.Debug|x64.ActiveCfg = Debug|Any CPU
		{F1C097EA-940A-4AA1-A110-D1213CC610D8}.Debug|x64.Build.0 = Debug|Any CPU
		{F1C097EA-940A-4AA1-A110-D1213CC610D8}.Debug|x86.ActiveCfg = Debug|Any CPU
		{F1C097EA-940A-4AA1-A110-D1213CC610D8}.Debug|x86.Build.0 = Debug|Any CPU
		{F1C097EA-940A-4AA1-A110-D1213CC610D8}.Release|Any CPU.ActiveCfg = Release|Any CPU
		{F1C097EA-940A-4AA1-A110-D1213CC610D8}.Release|Any CPU.Build.0 = Release|Any CPU
		{F1C097EA-940A-4AA1-A110-D1213CC610D8}.Release|ARM.ActiveCfg = Release|Any CPU
		{F1C097EA-940A-4AA1-A110-D1213CC610D8}.Release|ARM.Build.0 = Release|Any CPU
		{F1C097EA-940A-4AA1-A110-D1213CC610D8}.Release|ARM64.ActiveCfg = Release|Any CPU
		{F1C097EA-940A-4AA1-A110-D1213CC610D8}.Release|ARM64.Build.0 = Release|Any CPU
		{F1C097EA-940A-4AA1-A110-D1213CC610D8}.Release|x64.ActiveCfg = Release|Any CPU
		{F1C097EA-940A-4AA1-A110-D1213CC610D8}.Release|x64.Build.0 = Release|Any CPU
		{F1C097EA-940A-4AA1-A110-D1213CC610D8}.Release|x86.ActiveCfg = Release|Any CPU
		{F1C097EA-940A-4AA1-A110-D1213CC610D8}.Release|x86.Build.0 = Release|Any CPU
		{540185C5-D7CA-4555-A8F9-B9860826EC86}.Debug|Any CPU.ActiveCfg = Debug|Any CPU
		{540185C5-D7CA-4555-A8F9-B9860826EC86}.Debug|Any CPU.Build.0 = Debug|Any CPU
		{540185C5-D7CA-4555-A8F9-B9860826EC86}.Debug|ARM.ActiveCfg = Debug|Any CPU
		{540185C5-D7CA-4555-A8F9-B9860826EC86}.Debug|ARM.Build.0 = Debug|Any CPU
		{540185C5-D7CA-4555-A8F9-B9860826EC86}.Debug|ARM64.ActiveCfg = Debug|Any CPU
		{540185C5-D7CA-4555-A8F9-B9860826EC86}.Debug|ARM64.Build.0 = Debug|Any CPU
		{540185C5-D7CA-4555-A8F9-B9860826EC86}.Debug|x64.ActiveCfg = Debug|Any CPU
		{540185C5-D7CA-4555-A8F9-B9860826EC86}.Debug|x64.Build.0 = Debug|Any CPU
		{540185C5-D7CA-4555-A8F9-B9860826EC86}.Debug|x86.ActiveCfg = Debug|Any CPU
		{540185C5-D7CA-4555-A8F9-B9860826EC86}.Debug|x86.Build.0 = Debug|Any CPU
		{540185C5-D7CA-4555-A8F9-B9860826EC86}.Release|Any CPU.ActiveCfg = Release|Any CPU
		{540185C5-D7CA-4555-A8F9-B9860826EC86}.Release|Any CPU.Build.0 = Release|Any CPU
		{540185C5-D7CA-4555-A8F9-B9860826EC86}.Release|ARM.ActiveCfg = Release|Any CPU
		{540185C5-D7CA-4555-A8F9-B9860826EC86}.Release|ARM.Build.0 = Release|Any CPU
		{540185C5-D7CA-4555-A8F9-B9860826EC86}.Release|ARM64.ActiveCfg = Release|Any CPU
		{540185C5-D7CA-4555-A8F9-B9860826EC86}.Release|ARM64.Build.0 = Release|Any CPU
		{540185C5-D7CA-4555-A8F9-B9860826EC86}.Release|x64.ActiveCfg = Release|Any CPU
		{540185C5-D7CA-4555-A8F9-B9860826EC86}.Release|x64.Build.0 = Release|Any CPU
		{540185C5-D7CA-4555-A8F9-B9860826EC86}.Release|x86.ActiveCfg = Release|Any CPU
		{540185C5-D7CA-4555-A8F9-B9860826EC86}.Release|x86.Build.0 = Release|Any CPU
		{ED4F9EFE-B155-45F6-A83D-FFAE84265CF3}.Debug|Any CPU.ActiveCfg = Debug|Any CPU
		{ED4F9EFE-B155-45F6-A83D-FFAE84265CF3}.Debug|Any CPU.Build.0 = Debug|Any CPU
		{ED4F9EFE-B155-45F6-A83D-FFAE84265CF3}.Debug|ARM.ActiveCfg = Debug|Any CPU
		{ED4F9EFE-B155-45F6-A83D-FFAE84265CF3}.Debug|ARM.Build.0 = Debug|Any CPU
		{ED4F9EFE-B155-45F6-A83D-FFAE84265CF3}.Debug|ARM64.ActiveCfg = Debug|Any CPU
		{ED4F9EFE-B155-45F6-A83D-FFAE84265CF3}.Debug|ARM64.Build.0 = Debug|Any CPU
		{ED4F9EFE-B155-45F6-A83D-FFAE84265CF3}.Debug|x64.ActiveCfg = Debug|Any CPU
		{ED4F9EFE-B155-45F6-A83D-FFAE84265CF3}.Debug|x64.Build.0 = Debug|Any CPU
		{ED4F9EFE-B155-45F6-A83D-FFAE84265CF3}.Debug|x86.ActiveCfg = Debug|Any CPU
		{ED4F9EFE-B155-45F6-A83D-FFAE84265CF3}.Debug|x86.Build.0 = Debug|Any CPU
		{ED4F9EFE-B155-45F6-A83D-FFAE84265CF3}.Release|Any CPU.ActiveCfg = Release|Any CPU
		{ED4F9EFE-B155-45F6-A83D-FFAE84265CF3}.Release|Any CPU.Build.0 = Release|Any CPU
		{ED4F9EFE-B155-45F6-A83D-FFAE84265CF3}.Release|ARM.ActiveCfg = Release|Any CPU
		{ED4F9EFE-B155-45F6-A83D-FFAE84265CF3}.Release|ARM.Build.0 = Release|Any CPU
		{ED4F9EFE-B155-45F6-A83D-FFAE84265CF3}.Release|ARM64.ActiveCfg = Release|Any CPU
		{ED4F9EFE-B155-45F6-A83D-FFAE84265CF3}.Release|ARM64.Build.0 = Release|Any CPU
		{ED4F9EFE-B155-45F6-A83D-FFAE84265CF3}.Release|x64.ActiveCfg = Release|Any CPU
		{ED4F9EFE-B155-45F6-A83D-FFAE84265CF3}.Release|x64.Build.0 = Release|Any CPU
		{ED4F9EFE-B155-45F6-A83D-FFAE84265CF3}.Release|x86.ActiveCfg = Release|Any CPU
		{ED4F9EFE-B155-45F6-A83D-FFAE84265CF3}.Release|x86.Build.0 = Release|Any CPU
		{39659334-1C26-4A6D-A5F8-9FA49BB2E155}.Debug|Any CPU.ActiveCfg = Debug|Any CPU
		{39659334-1C26-4A6D-A5F8-9FA49BB2E155}.Debug|Any CPU.Build.0 = Debug|Any CPU
		{39659334-1C26-4A6D-A5F8-9FA49BB2E155}.Debug|ARM.ActiveCfg = Debug|Any CPU
		{39659334-1C26-4A6D-A5F8-9FA49BB2E155}.Debug|ARM.Build.0 = Debug|Any CPU
		{39659334-1C26-4A6D-A5F8-9FA49BB2E155}.Debug|ARM64.ActiveCfg = Debug|Any CPU
		{39659334-1C26-4A6D-A5F8-9FA49BB2E155}.Debug|ARM64.Build.0 = Debug|Any CPU
		{39659334-1C26-4A6D-A5F8-9FA49BB2E155}.Debug|x64.ActiveCfg = Debug|Any CPU
		{39659334-1C26-4A6D-A5F8-9FA49BB2E155}.Debug|x64.Build.0 = Debug|Any CPU
		{39659334-1C26-4A6D-A5F8-9FA49BB2E155}.Debug|x86.ActiveCfg = Debug|Any CPU
		{39659334-1C26-4A6D-A5F8-9FA49BB2E155}.Debug|x86.Build.0 = Debug|Any CPU
		{39659334-1C26-4A6D-A5F8-9FA49BB2E155}.Release|Any CPU.ActiveCfg = Release|Any CPU
		{39659334-1C26-4A6D-A5F8-9FA49BB2E155}.Release|Any CPU.Build.0 = Release|Any CPU
		{39659334-1C26-4A6D-A5F8-9FA49BB2E155}.Release|ARM.ActiveCfg = Release|Any CPU
		{39659334-1C26-4A6D-A5F8-9FA49BB2E155}.Release|ARM.Build.0 = Release|Any CPU
		{39659334-1C26-4A6D-A5F8-9FA49BB2E155}.Release|ARM64.ActiveCfg = Release|Any CPU
		{39659334-1C26-4A6D-A5F8-9FA49BB2E155}.Release|ARM64.Build.0 = Release|Any CPU
		{39659334-1C26-4A6D-A5F8-9FA49BB2E155}.Release|x64.ActiveCfg = Release|Any CPU
		{39659334-1C26-4A6D-A5F8-9FA49BB2E155}.Release|x64.Build.0 = Release|Any CPU
		{39659334-1C26-4A6D-A5F8-9FA49BB2E155}.Release|x86.ActiveCfg = Release|Any CPU
		{39659334-1C26-4A6D-A5F8-9FA49BB2E155}.Release|x86.Build.0 = Release|Any CPU
		{5CDF3840-469D-4F3C-A235-632AA37A277B}.Debug|Any CPU.ActiveCfg = Debug|Any CPU
		{5CDF3840-469D-4F3C-A235-632AA37A277B}.Debug|Any CPU.Build.0 = Debug|Any CPU
		{5CDF3840-469D-4F3C-A235-632AA37A277B}.Debug|ARM.ActiveCfg = Debug|Any CPU
		{5CDF3840-469D-4F3C-A235-632AA37A277B}.Debug|ARM.Build.0 = Debug|Any CPU
		{5CDF3840-469D-4F3C-A235-632AA37A277B}.Debug|ARM64.ActiveCfg = Debug|Any CPU
		{5CDF3840-469D-4F3C-A235-632AA37A277B}.Debug|ARM64.Build.0 = Debug|Any CPU
		{5CDF3840-469D-4F3C-A235-632AA37A277B}.Debug|x64.ActiveCfg = Debug|Any CPU
		{5CDF3840-469D-4F3C-A235-632AA37A277B}.Debug|x64.Build.0 = Debug|Any CPU
		{5CDF3840-469D-4F3C-A235-632AA37A277B}.Debug|x86.ActiveCfg = Debug|Any CPU
		{5CDF3840-469D-4F3C-A235-632AA37A277B}.Debug|x86.Build.0 = Debug|Any CPU
		{5CDF3840-469D-4F3C-A235-632AA37A277B}.Release|Any CPU.ActiveCfg = Release|Any CPU
		{5CDF3840-469D-4F3C-A235-632AA37A277B}.Release|Any CPU.Build.0 = Release|Any CPU
		{5CDF3840-469D-4F3C-A235-632AA37A277B}.Release|ARM.ActiveCfg = Release|Any CPU
		{5CDF3840-469D-4F3C-A235-632AA37A277B}.Release|ARM.Build.0 = Release|Any CPU
		{5CDF3840-469D-4F3C-A235-632AA37A277B}.Release|ARM64.ActiveCfg = Release|Any CPU
		{5CDF3840-469D-4F3C-A235-632AA37A277B}.Release|ARM64.Build.0 = Release|Any CPU
		{5CDF3840-469D-4F3C-A235-632AA37A277B}.Release|x64.ActiveCfg = Release|Any CPU
		{5CDF3840-469D-4F3C-A235-632AA37A277B}.Release|x64.Build.0 = Release|Any CPU
		{5CDF3840-469D-4F3C-A235-632AA37A277B}.Release|x86.ActiveCfg = Release|Any CPU
		{5CDF3840-469D-4F3C-A235-632AA37A277B}.Release|x86.Build.0 = Release|Any CPU
		{AAA25FC2-A16E-4B6A-B2F2-95B2A4955EFE}.Debug|Any CPU.ActiveCfg = Debug|Any CPU
		{AAA25FC2-A16E-4B6A-B2F2-95B2A4955EFE}.Debug|Any CPU.Build.0 = Debug|Any CPU
		{AAA25FC2-A16E-4B6A-B2F2-95B2A4955EFE}.Debug|ARM.ActiveCfg = Debug|Any CPU
		{AAA25FC2-A16E-4B6A-B2F2-95B2A4955EFE}.Debug|ARM.Build.0 = Debug|Any CPU
		{AAA25FC2-A16E-4B6A-B2F2-95B2A4955EFE}.Debug|ARM64.ActiveCfg = Debug|Any CPU
		{AAA25FC2-A16E-4B6A-B2F2-95B2A4955EFE}.Debug|ARM64.Build.0 = Debug|Any CPU
		{AAA25FC2-A16E-4B6A-B2F2-95B2A4955EFE}.Debug|x64.ActiveCfg = Debug|Any CPU
		{AAA25FC2-A16E-4B6A-B2F2-95B2A4955EFE}.Debug|x64.Build.0 = Debug|Any CPU
		{AAA25FC2-A16E-4B6A-B2F2-95B2A4955EFE}.Debug|x86.ActiveCfg = Debug|Any CPU
		{AAA25FC2-A16E-4B6A-B2F2-95B2A4955EFE}.Debug|x86.Build.0 = Debug|Any CPU
		{AAA25FC2-A16E-4B6A-B2F2-95B2A4955EFE}.Release|Any CPU.ActiveCfg = Release|Any CPU
		{AAA25FC2-A16E-4B6A-B2F2-95B2A4955EFE}.Release|Any CPU.Build.0 = Release|Any CPU
		{AAA25FC2-A16E-4B6A-B2F2-95B2A4955EFE}.Release|ARM.ActiveCfg = Release|Any CPU
		{AAA25FC2-A16E-4B6A-B2F2-95B2A4955EFE}.Release|ARM.Build.0 = Release|Any CPU
		{AAA25FC2-A16E-4B6A-B2F2-95B2A4955EFE}.Release|ARM64.ActiveCfg = Release|Any CPU
		{AAA25FC2-A16E-4B6A-B2F2-95B2A4955EFE}.Release|ARM64.Build.0 = Release|Any CPU
		{AAA25FC2-A16E-4B6A-B2F2-95B2A4955EFE}.Release|x64.ActiveCfg = Release|Any CPU
		{AAA25FC2-A16E-4B6A-B2F2-95B2A4955EFE}.Release|x64.Build.0 = Release|Any CPU
		{AAA25FC2-A16E-4B6A-B2F2-95B2A4955EFE}.Release|x86.ActiveCfg = Release|Any CPU
		{AAA25FC2-A16E-4B6A-B2F2-95B2A4955EFE}.Release|x86.Build.0 = Release|Any CPU
		{7BDDED07-874C-4E54-9D5D-68AA8374F9AA}.Debug|Any CPU.ActiveCfg = Debug|Any CPU
		{7BDDED07-874C-4E54-9D5D-68AA8374F9AA}.Debug|Any CPU.Build.0 = Debug|Any CPU
		{7BDDED07-874C-4E54-9D5D-68AA8374F9AA}.Debug|ARM.ActiveCfg = Debug|Any CPU
		{7BDDED07-874C-4E54-9D5D-68AA8374F9AA}.Debug|ARM.Build.0 = Debug|Any CPU
		{7BDDED07-874C-4E54-9D5D-68AA8374F9AA}.Debug|ARM64.ActiveCfg = Debug|Any CPU
		{7BDDED07-874C-4E54-9D5D-68AA8374F9AA}.Debug|ARM64.Build.0 = Debug|Any CPU
		{7BDDED07-874C-4E54-9D5D-68AA8374F9AA}.Debug|x64.ActiveCfg = Debug|Any CPU
		{7BDDED07-874C-4E54-9D5D-68AA8374F9AA}.Debug|x64.Build.0 = Debug|Any CPU
		{7BDDED07-874C-4E54-9D5D-68AA8374F9AA}.Debug|x86.ActiveCfg = Debug|Any CPU
		{7BDDED07-874C-4E54-9D5D-68AA8374F9AA}.Debug|x86.Build.0 = Debug|Any CPU
		{7BDDED07-874C-4E54-9D5D-68AA8374F9AA}.Release|Any CPU.ActiveCfg = Release|Any CPU
		{7BDDED07-874C-4E54-9D5D-68AA8374F9AA}.Release|Any CPU.Build.0 = Release|Any CPU
		{7BDDED07-874C-4E54-9D5D-68AA8374F9AA}.Release|ARM.ActiveCfg = Release|Any CPU
		{7BDDED07-874C-4E54-9D5D-68AA8374F9AA}.Release|ARM.Build.0 = Release|Any CPU
		{7BDDED07-874C-4E54-9D5D-68AA8374F9AA}.Release|ARM64.ActiveCfg = Release|Any CPU
		{7BDDED07-874C-4E54-9D5D-68AA8374F9AA}.Release|ARM64.Build.0 = Release|Any CPU
		{7BDDED07-874C-4E54-9D5D-68AA8374F9AA}.Release|x64.ActiveCfg = Release|Any CPU
		{7BDDED07-874C-4E54-9D5D-68AA8374F9AA}.Release|x64.Build.0 = Release|Any CPU
		{7BDDED07-874C-4E54-9D5D-68AA8374F9AA}.Release|x86.ActiveCfg = Release|Any CPU
		{7BDDED07-874C-4E54-9D5D-68AA8374F9AA}.Release|x86.Build.0 = Release|Any CPU
		{696A3872-2D37-4F97-9861-4E1CC9FC0DF5}.Debug|Any CPU.ActiveCfg = Debug|Any CPU
		{696A3872-2D37-4F97-9861-4E1CC9FC0DF5}.Debug|Any CPU.Build.0 = Debug|Any CPU
		{696A3872-2D37-4F97-9861-4E1CC9FC0DF5}.Debug|ARM.ActiveCfg = Debug|Any CPU
		{696A3872-2D37-4F97-9861-4E1CC9FC0DF5}.Debug|ARM.Build.0 = Debug|Any CPU
		{696A3872-2D37-4F97-9861-4E1CC9FC0DF5}.Debug|ARM64.ActiveCfg = Debug|Any CPU
		{696A3872-2D37-4F97-9861-4E1CC9FC0DF5}.Debug|ARM64.Build.0 = Debug|Any CPU
		{696A3872-2D37-4F97-9861-4E1CC9FC0DF5}.Debug|x64.ActiveCfg = Debug|Any CPU
		{696A3872-2D37-4F97-9861-4E1CC9FC0DF5}.Debug|x64.Build.0 = Debug|Any CPU
		{696A3872-2D37-4F97-9861-4E1CC9FC0DF5}.Debug|x86.ActiveCfg = Debug|Any CPU
		{696A3872-2D37-4F97-9861-4E1CC9FC0DF5}.Debug|x86.Build.0 = Debug|Any CPU
		{696A3872-2D37-4F97-9861-4E1CC9FC0DF5}.Release|Any CPU.ActiveCfg = Release|Any CPU
		{696A3872-2D37-4F97-9861-4E1CC9FC0DF5}.Release|Any CPU.Build.0 = Release|Any CPU
		{696A3872-2D37-4F97-9861-4E1CC9FC0DF5}.Release|ARM.ActiveCfg = Release|Any CPU
		{696A3872-2D37-4F97-9861-4E1CC9FC0DF5}.Release|ARM.Build.0 = Release|Any CPU
		{696A3872-2D37-4F97-9861-4E1CC9FC0DF5}.Release|ARM64.ActiveCfg = Release|Any CPU
		{696A3872-2D37-4F97-9861-4E1CC9FC0DF5}.Release|ARM64.Build.0 = Release|Any CPU
		{696A3872-2D37-4F97-9861-4E1CC9FC0DF5}.Release|x64.ActiveCfg = Release|Any CPU
		{696A3872-2D37-4F97-9861-4E1CC9FC0DF5}.Release|x64.Build.0 = Release|Any CPU
		{696A3872-2D37-4F97-9861-4E1CC9FC0DF5}.Release|x86.ActiveCfg = Release|Any CPU
		{696A3872-2D37-4F97-9861-4E1CC9FC0DF5}.Release|x86.Build.0 = Release|Any CPU
		{B6CF7182-E01B-4352-B680-591CC54CC21B}.Debug|Any CPU.ActiveCfg = Debug|Any CPU
		{B6CF7182-E01B-4352-B680-591CC54CC21B}.Debug|Any CPU.Build.0 = Debug|Any CPU
		{B6CF7182-E01B-4352-B680-591CC54CC21B}.Debug|ARM.ActiveCfg = Debug|Any CPU
		{B6CF7182-E01B-4352-B680-591CC54CC21B}.Debug|ARM.Build.0 = Debug|Any CPU
		{B6CF7182-E01B-4352-B680-591CC54CC21B}.Debug|ARM64.ActiveCfg = Debug|Any CPU
		{B6CF7182-E01B-4352-B680-591CC54CC21B}.Debug|ARM64.Build.0 = Debug|Any CPU
		{B6CF7182-E01B-4352-B680-591CC54CC21B}.Debug|x64.ActiveCfg = Debug|Any CPU
		{B6CF7182-E01B-4352-B680-591CC54CC21B}.Debug|x64.Build.0 = Debug|Any CPU
		{B6CF7182-E01B-4352-B680-591CC54CC21B}.Debug|x86.ActiveCfg = Debug|Any CPU
		{B6CF7182-E01B-4352-B680-591CC54CC21B}.Debug|x86.Build.0 = Debug|Any CPU
		{B6CF7182-E01B-4352-B680-591CC54CC21B}.Release|Any CPU.ActiveCfg = Release|Any CPU
		{B6CF7182-E01B-4352-B680-591CC54CC21B}.Release|Any CPU.Build.0 = Release|Any CPU
		{B6CF7182-E01B-4352-B680-591CC54CC21B}.Release|ARM.ActiveCfg = Release|Any CPU
		{B6CF7182-E01B-4352-B680-591CC54CC21B}.Release|ARM.Build.0 = Release|Any CPU
		{B6CF7182-E01B-4352-B680-591CC54CC21B}.Release|ARM64.ActiveCfg = Release|Any CPU
		{B6CF7182-E01B-4352-B680-591CC54CC21B}.Release|ARM64.Build.0 = Release|Any CPU
		{B6CF7182-E01B-4352-B680-591CC54CC21B}.Release|x64.ActiveCfg = Release|Any CPU
		{B6CF7182-E01B-4352-B680-591CC54CC21B}.Release|x64.Build.0 = Release|Any CPU
		{B6CF7182-E01B-4352-B680-591CC54CC21B}.Release|x86.ActiveCfg = Release|Any CPU
		{B6CF7182-E01B-4352-B680-591CC54CC21B}.Release|x86.Build.0 = Release|Any CPU
		{C6CD34AC-3342-44F6-97BF-700C55CED13C}.Debug|Any CPU.ActiveCfg = Debug|Any CPU
		{C6CD34AC-3342-44F6-97BF-700C55CED13C}.Debug|Any CPU.Build.0 = Debug|Any CPU
		{C6CD34AC-3342-44F6-97BF-700C55CED13C}.Debug|ARM.ActiveCfg = Debug|Any CPU
		{C6CD34AC-3342-44F6-97BF-700C55CED13C}.Debug|ARM.Build.0 = Debug|Any CPU
		{C6CD34AC-3342-44F6-97BF-700C55CED13C}.Debug|ARM64.ActiveCfg = Debug|Any CPU
		{C6CD34AC-3342-44F6-97BF-700C55CED13C}.Debug|ARM64.Build.0 = Debug|Any CPU
		{C6CD34AC-3342-44F6-97BF-700C55CED13C}.Debug|x64.ActiveCfg = Debug|Any CPU
		{C6CD34AC-3342-44F6-97BF-700C55CED13C}.Debug|x64.Build.0 = Debug|Any CPU
		{C6CD34AC-3342-44F6-97BF-700C55CED13C}.Debug|x86.ActiveCfg = Debug|Any CPU
		{C6CD34AC-3342-44F6-97BF-700C55CED13C}.Debug|x86.Build.0 = Debug|Any CPU
		{C6CD34AC-3342-44F6-97BF-700C55CED13C}.Release|Any CPU.ActiveCfg = Release|Any CPU
		{C6CD34AC-3342-44F6-97BF-700C55CED13C}.Release|Any CPU.Build.0 = Release|Any CPU
		{C6CD34AC-3342-44F6-97BF-700C55CED13C}.Release|ARM.ActiveCfg = Release|Any CPU
		{C6CD34AC-3342-44F6-97BF-700C55CED13C}.Release|ARM.Build.0 = Release|Any CPU
		{C6CD34AC-3342-44F6-97BF-700C55CED13C}.Release|ARM64.ActiveCfg = Release|Any CPU
		{C6CD34AC-3342-44F6-97BF-700C55CED13C}.Release|ARM64.Build.0 = Release|Any CPU
		{C6CD34AC-3342-44F6-97BF-700C55CED13C}.Release|x64.ActiveCfg = Release|Any CPU
		{C6CD34AC-3342-44F6-97BF-700C55CED13C}.Release|x64.Build.0 = Release|Any CPU
		{C6CD34AC-3342-44F6-97BF-700C55CED13C}.Release|x86.ActiveCfg = Release|Any CPU
		{C6CD34AC-3342-44F6-97BF-700C55CED13C}.Release|x86.Build.0 = Release|Any CPU
		{9FE2B4B7-8DBC-4C9B-9D6D-C44102DBB6E5}.Debug|Any CPU.ActiveCfg = Debug|Any CPU
		{9FE2B4B7-8DBC-4C9B-9D6D-C44102DBB6E5}.Debug|Any CPU.Build.0 = Debug|Any CPU
		{9FE2B4B7-8DBC-4C9B-9D6D-C44102DBB6E5}.Debug|ARM.ActiveCfg = Debug|Any CPU
		{9FE2B4B7-8DBC-4C9B-9D6D-C44102DBB6E5}.Debug|ARM.Build.0 = Debug|Any CPU
		{9FE2B4B7-8DBC-4C9B-9D6D-C44102DBB6E5}.Debug|ARM64.ActiveCfg = Debug|Any CPU
		{9FE2B4B7-8DBC-4C9B-9D6D-C44102DBB6E5}.Debug|ARM64.Build.0 = Debug|Any CPU
		{9FE2B4B7-8DBC-4C9B-9D6D-C44102DBB6E5}.Debug|x64.ActiveCfg = Debug|Any CPU
		{9FE2B4B7-8DBC-4C9B-9D6D-C44102DBB6E5}.Debug|x64.Build.0 = Debug|Any CPU
		{9FE2B4B7-8DBC-4C9B-9D6D-C44102DBB6E5}.Debug|x86.ActiveCfg = Debug|Any CPU
		{9FE2B4B7-8DBC-4C9B-9D6D-C44102DBB6E5}.Debug|x86.Build.0 = Debug|Any CPU
		{9FE2B4B7-8DBC-4C9B-9D6D-C44102DBB6E5}.Release|Any CPU.ActiveCfg = Release|Any CPU
		{9FE2B4B7-8DBC-4C9B-9D6D-C44102DBB6E5}.Release|Any CPU.Build.0 = Release|Any CPU
		{9FE2B4B7-8DBC-4C9B-9D6D-C44102DBB6E5}.Release|ARM.ActiveCfg = Release|Any CPU
		{9FE2B4B7-8DBC-4C9B-9D6D-C44102DBB6E5}.Release|ARM.Build.0 = Release|Any CPU
		{9FE2B4B7-8DBC-4C9B-9D6D-C44102DBB6E5}.Release|ARM64.ActiveCfg = Release|Any CPU
		{9FE2B4B7-8DBC-4C9B-9D6D-C44102DBB6E5}.Release|ARM64.Build.0 = Release|Any CPU
		{9FE2B4B7-8DBC-4C9B-9D6D-C44102DBB6E5}.Release|x64.ActiveCfg = Release|Any CPU
		{9FE2B4B7-8DBC-4C9B-9D6D-C44102DBB6E5}.Release|x64.Build.0 = Release|Any CPU
		{9FE2B4B7-8DBC-4C9B-9D6D-C44102DBB6E5}.Release|x86.ActiveCfg = Release|Any CPU
		{9FE2B4B7-8DBC-4C9B-9D6D-C44102DBB6E5}.Release|x86.Build.0 = Release|Any CPU
		{57B09030-E948-48A1-9CCC-DE96341A161F}.Debug|Any CPU.ActiveCfg = Debug|Any CPU
		{57B09030-E948-48A1-9CCC-DE96341A161F}.Debug|Any CPU.Build.0 = Debug|Any CPU
		{57B09030-E948-48A1-9CCC-DE96341A161F}.Debug|ARM.ActiveCfg = Debug|Any CPU
		{57B09030-E948-48A1-9CCC-DE96341A161F}.Debug|ARM.Build.0 = Debug|Any CPU
		{57B09030-E948-48A1-9CCC-DE96341A161F}.Debug|ARM64.ActiveCfg = Debug|Any CPU
		{57B09030-E948-48A1-9CCC-DE96341A161F}.Debug|ARM64.Build.0 = Debug|Any CPU
		{57B09030-E948-48A1-9CCC-DE96341A161F}.Debug|x64.ActiveCfg = Debug|Any CPU
		{57B09030-E948-48A1-9CCC-DE96341A161F}.Debug|x64.Build.0 = Debug|Any CPU
		{57B09030-E948-48A1-9CCC-DE96341A161F}.Debug|x86.ActiveCfg = Debug|Any CPU
		{57B09030-E948-48A1-9CCC-DE96341A161F}.Debug|x86.Build.0 = Debug|Any CPU
		{57B09030-E948-48A1-9CCC-DE96341A161F}.Release|Any CPU.ActiveCfg = Release|Any CPU
		{57B09030-E948-48A1-9CCC-DE96341A161F}.Release|Any CPU.Build.0 = Release|Any CPU
		{57B09030-E948-48A1-9CCC-DE96341A161F}.Release|ARM.ActiveCfg = Release|Any CPU
		{57B09030-E948-48A1-9CCC-DE96341A161F}.Release|ARM.Build.0 = Release|Any CPU
		{57B09030-E948-48A1-9CCC-DE96341A161F}.Release|ARM64.ActiveCfg = Release|Any CPU
		{57B09030-E948-48A1-9CCC-DE96341A161F}.Release|ARM64.Build.0 = Release|Any CPU
		{57B09030-E948-48A1-9CCC-DE96341A161F}.Release|x64.ActiveCfg = Release|Any CPU
		{57B09030-E948-48A1-9CCC-DE96341A161F}.Release|x64.Build.0 = Release|Any CPU
		{57B09030-E948-48A1-9CCC-DE96341A161F}.Release|x86.ActiveCfg = Release|Any CPU
		{57B09030-E948-48A1-9CCC-DE96341A161F}.Release|x86.Build.0 = Release|Any CPU
		{CC624C25-41FA-42F7-9C0E-924BA1C2DF0F}.Debug|Any CPU.ActiveCfg = Debug|Any CPU
		{CC624C25-41FA-42F7-9C0E-924BA1C2DF0F}.Debug|Any CPU.Build.0 = Debug|Any CPU
		{CC624C25-41FA-42F7-9C0E-924BA1C2DF0F}.Debug|ARM.ActiveCfg = Debug|Any CPU
		{CC624C25-41FA-42F7-9C0E-924BA1C2DF0F}.Debug|ARM.Build.0 = Debug|Any CPU
		{CC624C25-41FA-42F7-9C0E-924BA1C2DF0F}.Debug|ARM64.ActiveCfg = Debug|Any CPU
		{CC624C25-41FA-42F7-9C0E-924BA1C2DF0F}.Debug|ARM64.Build.0 = Debug|Any CPU
		{CC624C25-41FA-42F7-9C0E-924BA1C2DF0F}.Debug|x64.ActiveCfg = Debug|Any CPU
		{CC624C25-41FA-42F7-9C0E-924BA1C2DF0F}.Debug|x64.Build.0 = Debug|Any CPU
		{CC624C25-41FA-42F7-9C0E-924BA1C2DF0F}.Debug|x86.ActiveCfg = Debug|Any CPU
		{CC624C25-41FA-42F7-9C0E-924BA1C2DF0F}.Debug|x86.Build.0 = Debug|Any CPU
		{CC624C25-41FA-42F7-9C0E-924BA1C2DF0F}.Release|Any CPU.ActiveCfg = Release|Any CPU
		{CC624C25-41FA-42F7-9C0E-924BA1C2DF0F}.Release|Any CPU.Build.0 = Release|Any CPU
		{CC624C25-41FA-42F7-9C0E-924BA1C2DF0F}.Release|ARM.ActiveCfg = Release|Any CPU
		{CC624C25-41FA-42F7-9C0E-924BA1C2DF0F}.Release|ARM.Build.0 = Release|Any CPU
		{CC624C25-41FA-42F7-9C0E-924BA1C2DF0F}.Release|ARM64.ActiveCfg = Release|Any CPU
		{CC624C25-41FA-42F7-9C0E-924BA1C2DF0F}.Release|ARM64.Build.0 = Release|Any CPU
		{CC624C25-41FA-42F7-9C0E-924BA1C2DF0F}.Release|x64.ActiveCfg = Release|Any CPU
		{CC624C25-41FA-42F7-9C0E-924BA1C2DF0F}.Release|x64.Build.0 = Release|Any CPU
		{CC624C25-41FA-42F7-9C0E-924BA1C2DF0F}.Release|x86.ActiveCfg = Release|Any CPU
		{CC624C25-41FA-42F7-9C0E-924BA1C2DF0F}.Release|x86.Build.0 = Release|Any CPU
		{2DBB55A3-28C9-48EE-BAA3-733CB2A8E319}.Debug|Any CPU.ActiveCfg = Debug|Any CPU
		{2DBB55A3-28C9-48EE-BAA3-733CB2A8E319}.Debug|Any CPU.Build.0 = Debug|Any CPU
		{2DBB55A3-28C9-48EE-BAA3-733CB2A8E319}.Debug|ARM.ActiveCfg = Debug|Any CPU
		{2DBB55A3-28C9-48EE-BAA3-733CB2A8E319}.Debug|ARM.Build.0 = Debug|Any CPU
		{2DBB55A3-28C9-48EE-BAA3-733CB2A8E319}.Debug|ARM64.ActiveCfg = Debug|Any CPU
		{2DBB55A3-28C9-48EE-BAA3-733CB2A8E319}.Debug|ARM64.Build.0 = Debug|Any CPU
		{2DBB55A3-28C9-48EE-BAA3-733CB2A8E319}.Debug|x64.ActiveCfg = Debug|Any CPU
		{2DBB55A3-28C9-48EE-BAA3-733CB2A8E319}.Debug|x64.Build.0 = Debug|Any CPU
		{2DBB55A3-28C9-48EE-BAA3-733CB2A8E319}.Debug|x86.ActiveCfg = Debug|Any CPU
		{2DBB55A3-28C9-48EE-BAA3-733CB2A8E319}.Debug|x86.Build.0 = Debug|Any CPU
		{2DBB55A3-28C9-48EE-BAA3-733CB2A8E319}.Release|Any CPU.ActiveCfg = Release|Any CPU
		{2DBB55A3-28C9-48EE-BAA3-733CB2A8E319}.Release|Any CPU.Build.0 = Release|Any CPU
		{2DBB55A3-28C9-48EE-BAA3-733CB2A8E319}.Release|ARM.ActiveCfg = Release|Any CPU
		{2DBB55A3-28C9-48EE-BAA3-733CB2A8E319}.Release|ARM.Build.0 = Release|Any CPU
		{2DBB55A3-28C9-48EE-BAA3-733CB2A8E319}.Release|ARM64.ActiveCfg = Release|Any CPU
		{2DBB55A3-28C9-48EE-BAA3-733CB2A8E319}.Release|ARM64.Build.0 = Release|Any CPU
		{2DBB55A3-28C9-48EE-BAA3-733CB2A8E319}.Release|x64.ActiveCfg = Release|Any CPU
		{2DBB55A3-28C9-48EE-BAA3-733CB2A8E319}.Release|x64.Build.0 = Release|Any CPU
		{2DBB55A3-28C9-48EE-BAA3-733CB2A8E319}.Release|x86.ActiveCfg = Release|Any CPU
		{2DBB55A3-28C9-48EE-BAA3-733CB2A8E319}.Release|x86.Build.0 = Release|Any CPU
	EndGlobalSection
	GlobalSection(SolutionProperties) = preSolution
		HideSolutionNode = FALSE
	EndGlobalSection
	GlobalSection(ExtensibilityGlobals) = postSolution
		SolutionGuid = {8C29DB83-2EC8-4365-A0AC-FE096B1349AF}
	EndGlobalSection
EndGlobal
